
Microsoft Visual Studio Solution File, Format Version 12.00
# Visual Studio Version 17
VisualStudioVersion = 17.14.37027.9 d17.14
MinimumVisualStudioVersion = 10.0.40219.1
Project("{FAE04EC0-301F-11D3-BF4B-00C04F79EFBC}") = "HealthcareApp", "HealthcareApp\HealthcareApp.csproj", "{D43C92C6-9BD8-40D8-A7A5-1AA0C2C4FA3F}"
EndProject
Global
	GlobalSection(SolutionConfigurationPlatforms) = preSolution
		Debug|Any CPU = Debug|Any CPU
		Release|Any CPU = Release|Any CPU
	EndGlobalSection
	GlobalSection(ProjectConfigurationPlatforms) = postSolution
		{D43C92C6-9BD8-40D8-A7A5-1AA0C2C4FA3F}.Debug|Any CPU.ActiveCfg = Debug|Any CPU
		{D43C92C6-9BD8-40D8-A7A5-1AA0C2C4FA3F}.Debug|Any CPU.Build.0 = Debug|Any CPU
		{D43C92C6-9BD8-40D8-A7A5-1AA0C2C4FA3F}.Release|Any CPU.ActiveCfg = Release|Any CPU
		{D43C92C6-9BD8-40D8-A7A5-1AA0C2C4FA3F}.Release|Any CPU.Build.0 = Release|Any CPU
	EndGlobalSection
	GlobalSection(SolutionProperties) = preSolution
		HideSolutionNode = FALSE
	EndGlobalSection
	GlobalSection(ExtensibilityGlobals) = postSolution
		SolutionGuid = {7ECA5B68-473F-4F38-B0D4-698885B4A266}
	EndGlobalSection
EndGlobal
